
Microsoft Visual Studio Solution File, Format Version 12.00
# Visual Studio Version 16
VisualStudioVersion = 16.0.30320.27
MinimumVisualStudioVersion = 10.0.40219.1
Project("{FAE04EC0-301F-11D3-BF4B-00C04F79EFBC}") = "LABS WPF", "LABS WPF\LABS WPF.csproj", "{F38B9085-946D-464F-95A4-D5AD2FEB065F}"
EndProject
Global
	GlobalSection(SolutionConfigurationPlatforms) = preSolution
		Debug|Any CPU = Debug|Any CPU
		Release|Any CPU = Release|Any CPU
	EndGlobalSection
	GlobalSection(ProjectConfigurationPlatforms) = postSolution
		{F38B9085-946D-464F-95A4-D5AD2FEB065F}.Debug|Any CPU.ActiveCfg = Debug|Any CPU
		{F38B9085-946D-464F-95A4-D5AD2FEB065F}.Debug|Any CPU.Build.0 = Debug|Any CPU
		{F38B9085-946D-464F-95A4-D5AD2FEB065F}.Release|Any CPU.ActiveCfg = Release|Any CPU
		{F38B9085-946D-464F-95A4-D5AD2FEB065F}.Release|Any CPU.Build.0 = Release|Any CPU
	EndGlobalSection
	GlobalSection(SolutionProperties) = preSolution
		HideSolutionNode = FALSE
	EndGlobalSection
	GlobalSection(ExtensibilityGlobals) = postSolution
		SolutionGuid = {33888C5C-06AF-496D-8BC1-D12391697C55}
	EndGlobalSection
EndGlobal
